
Microsoft Visual Studio Solution File, Format Version 12.00
# Visual Studio Version 16
VisualStudioVersion = 16.0.32126.315
MinimumVisualStudioVersion = 10.0.40219.1
Project("{FAE04EC0-301F-11D3-BF4B-00C04F79EFBC}") = "ReactBookmarks.Web", "ReactBookmarks.Web\ReactBookmarks.Web.csproj", "{A8D34C9A-0E89-41FF-B5F6-D77C1E7E5900}"
EndProject
Project("{FAE04EC0-301F-11D3-BF4B-00C04F79EFBC}") = "ReactBookmarks.Data", "ReactBookmarks.Data\ReactBookmarks.Data.csproj", "{5F96273C-6C36-4C0B-923F-8AD5893C7CB8}"
EndProject
Global
	GlobalSection(SolutionConfigurationPlatforms) = preSolution
		Debug|Any CPU = Debug|Any CPU
		Release|Any CPU = Release|Any CPU
	EndGlobalSection
	GlobalSection(ProjectConfigurationPlatforms) = postSolution
		{A8D34C9A-0E89-41FF-B5F6-D77C1E7E5900}.Debug|Any CPU.ActiveCfg = Debug|Any CPU
		{A8D34C9A-0E89-41FF-B5F6-D77C1E7E5900}.Debug|Any CPU.Build.0 = Debug|Any CPU
		{A8D34C9A-0E89-41FF-B5F6-D77C1E7E5900}.Release|Any CPU.ActiveCfg = Release|Any CPU
		{A8D34C9A-0E89-41FF-B5F6-D77C1E7E5900}.Release|Any CPU.Build.0 = Release|Any CPU
		{5F96273C-6C36-4C0B-923F-8AD5893C7CB8}.Debug|Any CPU.ActiveCfg = Debug|Any CPU
		{5F96273C-6C36-4C0B-923F-8AD5893C7CB8}.Debug|Any CPU.Build.0 = Debug|Any CPU
		{5F96273C-6C36-4C0B-923F-8AD5893C7CB8}.Release|Any CPU.ActiveCfg = Release|Any CPU
		{5F96273C-6C36-4C0B-923F-8AD5893C7CB8}.Release|Any CPU.Build.0 = Release|Any CPU
	EndGlobalSection
	GlobalSection(SolutionProperties) = preSolution
		HideSolutionNode = FALSE
	EndGlobalSection
	GlobalSection(ExtensibilityGlobals) = postSolution
		SolutionGuid = {606016F7-5D08-4934-AFC2-037BDA9042D1}
	EndGlobalSection
EndGlobal
